PODS:
  - Charts (3.0.4):
    - Charts/Core (= 3.0.4)
  - Charts/Core (3.0.4)
  - ChartsRealm (3.0.4):
    - Charts (= 3.0.4)
    - RealmSwift (~> 2.10)
  - Realm (2.10.2):
    - Realm/Headers (= 2.10.2)
  - Realm/Headers (2.10.2)
  - RealmSwift (2.10.2):
    - Realm (= 2.10.2)

DEPENDENCIES:
  - Charts
  - ChartsRealm

SPEC REPOS:
  https://github.com/cocoapods/specs.git:
    - Charts
    - ChartsRealm
    - Realm
    - RealmSwift

SPEC CHECKSUMS:
  Charts: 0705898046257443f0afbbc3179f4b67507b6e48
  ChartsRealm: 3cf7c9ebf9c6312efbf418cf1da91d72d5416b26
  Realm: 0ef72b837fb67e9f4b098bac771ddd72c7fdbb69
  RealmSwift: 07a9ae0505091eda6b2ee7c190c3786d6e90a7b0

PODFILE CHECKSUM: 6ae7ce6c6c408d0f8ce61dfecd620201ae150a15

COCOAPODS: 1.5.3
